
Microsoft Visual Studio Solution File, Format Version 12.00
# Visual Studio 15
VisualStudioVersion = 15.0.28307.421
MinimumVisualStudioVersion = 10.0.40219.1
Project("{FAE04EC0-301F-11D3-BF4B-00C04F79EFBC}") = "RomanNumerals", "RomanNumerals\RomanNumerals.csproj", "{225D37D0-1F52-4095-8554-7F918CCE916B}"
EndProject
Global
	GlobalSection(SolutionConfigurationPlatforms) = preSolution
		Debug|Any CPU = Debug|Any CPU
		Release|Any CPU = Release|Any CPU
	EndGlobalSection
	GlobalSection(ProjectConfigurationPlatforms) = postSolution
		{225D37D0-1F52-4095-8554-7F918CCE916B}.Debug|Any CPU.ActiveCfg = Debug|Any CPU
		{225D37D0-1F52-4095-8554-7F918CCE916B}.Debug|Any CPU.Build.0 = Debug|Any CPU
		{225D37D0-1F52-4095-8554-7F918CCE916B}.Release|Any CPU.ActiveCfg = Release|Any CPU
		{225D37D0-1F52-4095-8554-7F918CCE916B}.Release|Any CPU.Build.0 = Release|Any CPU
	EndGlobalSection
	GlobalSection(SolutionProperties) = preSolution
		HideSolutionNode = FALSE
	EndGlobalSection
	GlobalSection(ExtensibilityGlobals) = postSolution
		SolutionGuid = {DFCA08BE-3286-427A-8DE4-A24329EC9F74}
	EndGlobalSection
EndGlobal
